
Microsoft Visual Studio Solution File, Format Version 12.00
# Visual Studio Version 16
VisualStudioVersion = 16.0.30615.102
MinimumVisualStudioVersion = 10.0.40219.1
Project("{FAE04EC0-301F-11D3-BF4B-00C04F79EFBC}") = "SparkAuto5", "SparkAuto5\SparkAuto5.csproj", "{55018E4A-0FE8-42D1-8207-3B761A71979C}"
EndProject
Global
	GlobalSection(SolutionConfigurationPlatforms) = preSolution
		Debug|Any CPU = Debug|Any CPU
		Release|Any CPU = Release|Any CPU
	EndGlobalSection
	GlobalSection(ProjectConfigurationPlatforms) = postSolution
		{55018E4A-0FE8-42D1-8207-3B761A71979C}.Debug|Any CPU.ActiveCfg = Debug|Any CPU
		{55018E4A-0FE8-42D1-8207-3B761A71979C}.Debug|Any CPU.Build.0 = Debug|Any CPU
		{55018E4A-0FE8-42D1-8207-3B761A71979C}.Release|Any CPU.ActiveCfg = Release|Any CPU
		{55018E4A-0FE8-42D1-8207-3B761A71979C}.Release|Any CPU.Build.0 = Release|Any CPU
	EndGlobalSection
	GlobalSection(SolutionProperties) = preSolution
		HideSolutionNode = FALSE
	EndGlobalSection
	GlobalSection(ExtensibilityGlobals) = postSolution
		SolutionGuid = {3037B9CA-925D-459C-A046-96C62CF4BA66}
	EndGlobalSection
EndGlobal
